// !$*UTF8*$!
{
	archiveVersion = 1;
	classes = {
	};
	objectVersion = 50;
	objects = {

/* Begin PBXBuildFile section */
		6634DA6525C91B1800EAB2E6 /* Shaders.metal in Sources */ = {isa = PBXBuildFile; fileRef = 6634DA6425C91B1800EAB2E6 /* Shaders.metal */; };
		663DAB8825C8FE6900B16143 /* AppDelegate.swift in Sources */ = {isa = PBXBuildFile; fileRef = 663DAB8725C8FE6900B16143 /* AppDelegate.swift */; };
		663DAB8A25C8FE6900B16143 /* SceneDelegate.swift in Sources */ = {isa = PBXBuildFile; fileRef = 663DAB8925C8FE6900B16143 /* SceneDelegate.swift */; };
		663DAB8C25C8FE6900B16143 /* ViewController.swift in Sources */ = {isa = PBXBuildFile; fileRef = 663DAB8B25C8FE6900B16143 /* ViewController.swift */; };
		663DAB8F25C8FE6900B16143 /* Main.storyboard in Resources */ = {isa = PBXBuildFile; fileRef = 663DAB8D25C8FE6900B16143 /* Main.storyboard */; };
		663DAB9125C8FE6D00B16143 /* Assets.xcassets in Resources */ = {isa = PBXBuildFile; fileRef = 663DAB9025C8FE6D00B16143 /* Assets.xcassets */; };
		663DAB9425C8FE6D00B16143 /* LaunchScreen.storyboard in Resources */ = {isa = PBXBuildFile; fileRef = 663DAB9225C8FE6D00B16143 /* LaunchScreen.storyboard */; };
/* End PBXBuildFile section */

/* Begin PBXFileReference section */
		6634DA6225C919AC00EAB2E6 /* ShaderTypes.h */ = {isa = PBXFileReference; lastKnownFileType = sourcecode.c.h; path = ShaderTypes.h; sourceTree = "<group>"; };
		6634DA6425C91B1800EAB2E6 /* Shaders.metal */ = {isa = PBXFileReference; lastKnownFileType = sourcecode.metal; path = Shaders.metal; sourceTree = "<group>"; };
		663DAB8425C8FE6900B16143 /* HelloTriangleSwift.app */ = {isa = PBXFileReference; explicitFileType = wrapper.application; includeInIndex = 0; path = HelloTriangleSwift.app; sourceTree = BUILT_PRODUCTS_DIR; };
		663DAB8725C8FE6900B16143 /* AppDelegate.swift */ = {isa = PBXFileReference; lastKnownFileType = sourcecode.swift; path = AppDelegate.swift; sourceTree = "<group>"; };
		663DAB8925C8FE6900B16143 /* SceneDelegate.swift */ = {isa = PBXFileReference; lastKnownFileType = sourcecode.swift; path = SceneDelegate.swift; sourceTree = "<group>"; };
		663DAB8B25C8FE6900B16143 /* ViewController.swift */ = {isa = PBXFileReference; lastKnownFileType = sourcecode.swift; path = ViewController.swift; sourceTree = "<group>"; };
		663DAB8E25C8FE6900B16143 /* Base */ = {isa = PBXFileReference; lastKnownFileType = file.storyboard; name = Base; path = Base.lproj/Main.storyboard; sourceTree = "<group>"; };
		663DAB9025C8FE6D00B16143 /* Assets.xcassets */ = {isa = PBXFileReference; lastKnownFileType = folder.assetcatalog; path = Assets.xcassets; sourceTree = "<group>"; };
		663DAB9325C8FE6D00B16143 /* Base */ = {isa = PBXFileReference; lastKnownFileType = file.storyboard; name = Base; path = Base.lproj/LaunchScreen.storyboard; sourceTree = "<group>"; };
		663DAB9525C8FE6D00B16143 /* Info.plist */ = {isa = PBXFileReference; lastKnownFileType = text.plist.xml; path = Info.plist; sourceTree = "<group>"; };
		66AECDA625C94EEA000C45D7 /* README.md */ = {isa = PBXFileReference; lastKnownFileType = net.daringfireball.markdown; path = README.md; sourceTree = "<group>"; };
/* End PBXFileReference section */

/* Begin PBXFrameworksBuildPhase section */
		663DAB8125C8FE6900B16143 /* Frameworks */ = {
			isa = PBXFrameworksBuildPhase;
			buildActionMask = 2147483647;
			files = (
			);
			runOnlyForDeploymentPostprocessing = 0;
		};
/* End PBXFrameworksBuildPhase section */

/* Begin PBXGroup section */
		663DAB7B25C8FE6900B16143 = {
			isa = PBXGroup;
			children = (
				66AECDA625C94EEA000C45D7 /* README.md */,
				663DAB8625C8FE6900B16143 /* HelloTriangleSwift */,
				663DAB8525C8FE6900B16143 /* Products */,
			);
			sourceTree = "<group>";
		};
		663DAB8525C8FE6900B16143 /* Products */ = {
			isa = PBXGroup;
			children = (
				663DAB8425C8FE6900B16143 /* HelloTriangleSwift.app */,
			);
			name = Products;
			sourceTree = "<group>";
		};
		663DAB8625C8FE6900B16143 /* HelloTriangleSwift */ = {
			isa = PBXGroup;
			children = (
				663DAB8725C8FE6900B16143 /* AppDelegate.swift */,
				663DAB8925C8FE6900B16143 /* SceneDelegate.swift */,
				663DAB8B25C8FE6900B16143 /* ViewController.swift */,
				6634DA6425C91B1800EAB2E6 /* Shaders.metal */,
				6634DA6225C919AC00EAB2E6 /* ShaderTypes.h */,
				663DAB8D25C8FE6900B16143 /* Main.storyboard */,
				663DAB9025C8FE6D00B16143 /* Assets.xcassets */,
				663DAB9225C8FE6D00B16143 /* LaunchScreen.storyboard */,
				663DAB9525C8FE6D00B16143 /* Info.plist */,
			);
			path = HelloTriangleSwift;
			sourceTree = "<group>";
		};
/* End PBXGroup section */

/* Begin PBXNativeTarget section */
		663DAB8325C8FE6900B16143 /* HelloTriangleSwift */ = {
			isa = PBXNativeTarget;
			buildConfigurationList = 663DAB9825C8FE6D00B16143 /* Build configuration list for PBXNativeTarget "HelloTriangleSwift" */;
			buildPhases = (
				663DAB8025C8FE6900B16143 /* Sources */,
				663DAB8125C8FE6900B16143 /* Frameworks */,
				663DAB8225C8FE6900B16143 /* Resources */,
			);
			buildRules = (
			);
			dependencies = (
			);
			name = HelloTriangleSwift;
			productName = HelloTriangleSwift;
			productReference = 663DAB8425C8FE6900B16143 /* HelloTriangleSwift.app */;
			productType = "com.apple.product-type.application";
		};
/* End PBXNativeTarget section */

/* Begin PBXProject section */
		663DAB7C25C8FE6900B16143 /* Project object */ = {
			isa = PBXProject;
			attributes = {
				LastSwiftUpdateCheck = 1230;
				LastUpgradeCheck = 1230;
				TargetAttributes = {
					663DAB8325C8FE6900B16143 = {
						CreatedOnToolsVersion = 12.3;
					};
				};
			};
			buildConfigurationList = 663DAB7F25C8FE6900B16143 /* Build configuration list for PBXProject "HelloTriangleSwift" */;
			compatibilityVersion = "Xcode 9.3";
			developmentRegion = en;
			hasScannedForEncodings = 0;
			knownRegions = (
				en,
				Base,
			);
			mainGroup = 663DAB7B25C8FE6900B16143;
			productRefGroup = 663DAB8525C8FE6900B16143 /* Products */;
			projectDirPath = "";
			projectRoot = "";
			targets = (
				663DAB8325C8FE6900B16143 /* HelloTriangleSwift */,
			);
		};
/* End PBXProject section */

/* Begin PBXResourcesBuildPhase section */
		663DAB8225C8FE6900B16143 /* Resources */ = {
			isa = PBXResourcesBuildPhase;
			buildActionMask = 2147483647;
			files = (
				663DAB9425C8FE6D00B16143 /* LaunchScreen.storyboard in Resources */,
				663DAB9125C8FE6D00B16143 /* Assets.xcassets in Resources */,
				663DAB8F25C8FE6900B16143 /* Main.storyboard in Resources */,
			);
			runOnlyForDeploymentPostprocessing = 0;
		};
/* End PBXResourcesBuildPhase section */

/* Begin PBXSourcesBuildPhase section */
		663DAB8025C8FE6900B16143 /* Sources */ = {
			isa = PBXSourcesBuildPhase;
			buildActionMask = 2147483647;
			files = (
				6634DA6525C91B1800EAB2E6 /* Shaders.metal in Sources */,
				663DAB8C25C8FE6900B16143 /* ViewController.swift in Sources */,
				663DAB8825C8FE6900B16143 /* AppDelegate.swift in Sources */,
				663DAB8A25C8FE6900B16143 /* SceneDelegate.swift in Sources */,
			);
			runOnlyForDeploymentPostprocessing = 0;
		};
/* End PBXSourcesBuildPhase section */

/* Begin PBXVariantGroup section */
		663DAB8D25C8FE6900B16143 /* Main.storyboard */ = {
			isa = PBXVariantGroup;
			children = (
				663DAB8E25C8FE6900B16143 /* Base */,
			);
			name = Main.storyboard;
			sourceTree = "<group>";
		};
		663DAB9225C8FE6D00B16143 /* LaunchScreen.storyboard */ = {
			isa = PBXVariantGroup;
			children = (
				663DAB9325C8FE6D00B16143 /* Base */,
			);
			name = LaunchScreen.storyboard;
			sourceTree = "<group>";
		};
/* End PBXVariantGroup section */

/* Begin XCBuildConfiguration section */
		663DAB9625C8FE6D00B16143 /* Debug */ = {
			isa = XCBuildConfiguration;
			buildSettings = {
				ALWAYS_SEARCH_USER_PATHS = NO;
				CLANG_ANALYZER_NONNULL = YES;
				CLANG_ANALYZER_NUMBER_OBJECT_CONVERSION = YES_AGGRESSIVE;
				CLANG_CXX_LANGUAGE_STANDARD = "gnu++14";
				CLANG_CXX_LIBRARY = "libc++";
				CLANG_ENABLE_MODULES = YES;
				CLANG_ENABLE_OBJC_ARC = YES;
				CLANG_ENABLE_OBJC_WEAK = YES;
				CLANG_WARN_BLOCK_CAPTURE_AUTORELEASING = YES;
				CLANG_WARN_BOOL_CONVERSION = YES;
				CLANG_WARN_COMMA = YES;
				CLANG_WARN_CONSTANT_CONVERSION = YES;
				CLANG_WARN_DEPRECATED_OBJC_IMPLEMENTATIONS = YES;
				CLANG_WARN_DIRECT_OBJC_ISA_USAGE = YES_ERROR;
				CLANG_WARN_DOCUMENTATION_COMMENTS = YES;
				CLANG_WARN_EMPTY_BODY = YES;
				CLANG_WARN_ENUM_CONVERSION = YES;
				CLANG_WARN_INFINITE_RECURSION = YES;
				CLANG_WARN_INT_CONVERSION = YES;
				CLANG_WARN_NON_LITERAL_NULL_CONVERSION = YES;
				CLANG_WARN_OBJC_IMPLICIT_RETAIN_SELF = YES;
				CLANG_WARN_OBJC_LITERAL_CONVERSION = YES;
				CLANG_WARN_OBJC_ROOT_CLASS = YES_ERROR;
				CLANG_WARN_QUOTED_INCLUDE_IN_FRAMEWORK_HEADER = YES;
				CLANG_WARN_RANGE_LOOP_ANALYSIS = YES;
				CLANG_WARN_STRICT_PROTOTYPES = YES;
				CLANG_WARN_SUSPICIOUS_MOVE = YES;
				CLANG_WARN_UNGUARDED_AVAILABILITY = YES_AGGRESSIVE;
				CLANG_WARN_UNREACHABLE_CODE = YES;
				CLANG_WARN__DUPLICATE_METHOD_MATCH = YES;
				COPY_PHASE_STRIP = NO;
				DEBUG_INFORMATION_FORMAT = dwarf;
				ENABLE_STRICT_OBJC_MSGSEND = YES;
				ENABLE_TESTABILITY = YES;
				GCC_C_LANGUAGE_STANDARD = gnu11;
				GCC_DYNAMIC_NO_PIC = NO;
				GCC_NO_COMMON_BLOCKS = YES;
				GCC_OPTIMIZATION_LEVEL = 0;
				GCC_PREPROCESSOR_DEFINITIONS = (
					"DEBUG=1",
					"$(inherited)",
				);
				GCC_WARN_64_TO_32_BIT_CONVERSION = YES;
				GCC_WARN_ABOUT_RETURN_TYPE = YES_ERROR;
				GCC_WARN_UNDECLARED_SELECTOR = YES;
				GCC_WARN_UNINITIALIZED_AUTOS = YES_AGGRESSIVE;
				GCC_WARN_UNUSED_FUNCTION = YES;
				GCC_WARN_UNUSED_VARIABLE = YES;
				IPHONEOS_DEPLOYMENT_TARGET = 14.3;
				MTL_ENABLE_DEBUG_INFO = INCLUDE_SOURCE;
				MTL_FAST_MATH = YES;
				ONLY_ACTIVE_ARCH = YES;
				SDKROOT = iphoneos;
				SWIFT_ACTIVE_COMPILATION_CONDITIONS = DEBUG;
				SWIFT_OPTIMIZATION_LEVEL = "-Onone";
			};
			name = Debug;
		};
		663DAB9725C8FE6D00B16143 /* Release */ = {
			isa = XCBuildConfiguration;
			buildSettings = {
				ALWAYS_SEARCH_USER_PATHS = NO;
				CLANG_ANALYZER_NONNULL = YES;
				CLANG_ANALYZER_NUMBER_OBJECT_CONVERSION = YES_AGGRESSIVE;
				CLANG_CXX_LANGUAGE_STANDARD = "gnu++14";
				CLANG_CXX_LIBRARY = "libc++";
				CLANG_ENABLE_MODULES = YES;
				CLANG_ENABLE_OBJC_ARC = YES;
				CLANG_ENABLE_OBJC_WEAK = YES;
				CLANG_WARN_BLOCK_CAPTURE_AUTORELEASING = YES;
				CLANG_WARN_BOOL_CONVERSION = YES;
				CLANG_WARN_COMMA = YES;
				CLANG_WARN_CONSTANT_CONVERSION = YES;
				CLANG_WARN_DEPRECATED_OBJC_IMPLEMENTATIONS = YES;
				CLANG_WARN_DIRECT_OBJC_ISA_USAGE = YES_ERROR;
				CLANG_WARN_DOCUMENTATION_COMMENTS = YES;
				CLANG_WARN_EMPTY_BODY = YES;
				CLANG_WARN_ENUM_CONVERSION = YES;
				CLANG_WARN_INFINITE_RECURSION = YES;
				CLANG_WARN_INT_CONVERSION = YES;
				CLANG_WARN_NON_LITERAL_NULL_CONVERSION = YES;
				CLANG_WARN_OBJC_IMPLICIT_RETAIN_SELF = YES;
				CLANG_WARN_OBJC_LITERAL_CONVERSION = YES;
				CLANG_WARN_OBJC_ROOT_CLASS = YES_ERROR;
				CLANG_WARN_QUOTED_INCLUDE_IN_FRAMEWORK_HEADER = YES;
				CLANG_WARN_RANGE_LOOP_ANALYSIS = YES;
				CLANG_WARN_STRICT_PROTOTYPES = YES;
				CLANG_WARN_SUSPICIOUS_MOVE = YES;
				CLANG_WARN_UNGUARDED_AVAILABILITY = YES_AGGRESSIVE;
				CLANG_WARN_UNREACHABLE_CODE = YES;
				CLANG_WARN__DUPLICATE_METHOD_MATCH = YES;
				COPY_PHASE_STRIP = NO;
				DEBUG_INFORMATION_FORMAT = "dwarf-with-dsym";
				ENABLE_NS_ASSERTIONS = NO;
				ENABLE_STRICT_OBJC_MSGSEND = YES;
				GCC_C_LANGUAGE_STANDARD = gnu11;
				GCC_NO_COMMON_BLOCKS = YES;
				GCC_WARN_64_TO_32_BIT_CONVERSION = YES;
				GCC_WARN_ABOUT_RETURN_TYPE = YES_ERROR;
				GCC_WARN_UNDECLARED_SELECTOR = YES;
				GCC_WARN_UNINITIALIZED_AUTOS = YES_AGGRESSIVE;
				GCC_WARN_UNUSED_FUNCTION = YES;
				GCC_WARN_UNUSED_VARIABLE = YES;
				IPHONEOS_DEPLOYMENT_TARGET = 14.3;
				MTL_ENABLE_DEBUG_INFO = NO;
				MTL_FAST_MATH = YES;
				SDKROOT = iphoneos;
				SWIFT_COMPILATION_MODE = wholemodule;
				SWIFT_OPTIMIZATION_LEVEL = "-O";
				VALIDATE_PRODUCT = YES;
			};
			name = Release;
		};
		663DAB9925C8FE6D00B16143 /* Debug */ = {
			isa = XCBuildConfiguration;
			buildSettings = {
				ASSETCATALOG_COMPILER_APPICON_NAME = AppIcon;
				ASSETCATALOG_COMPILER_GLOBAL_ACCENT_COLOR_NAME = AccentColor;
				CODE_SIGN_STYLE = Automatic;
				DEVELOPMENT_TEAM = CZLJYG8VXG;
				INFOPLIST_FILE = HelloTriangleSwift/Info.plist;
				LD_RUNPATH_SEARCH_PATHS = (
					"$(inherited)",
					"@executable_path/Frameworks",
				);
				PRODUCT_BUNDLE_IDENTIFIER = jimmychen.HelloTriangleSwift;
				PRODUCT_NAME = "$(TARGET_NAME)";
				SWIFT_OBJC_BRIDGING_HEADER = HelloTriangleSwift/ShaderTypes.h;
				SWIFT_VERSION = 5.0;
				TARGETED_DEVICE_FAMILY = "1,2";
			};
			name = Debug;
		};
		663DAB9A25C8FE6D00B16143 /* Release */ = {
			isa = XCBuildConfiguration;
			buildSettings = {
				ASSETCATALOG_COMPILER_APPICON_NAME = AppIcon;
				ASSETCATALOG_COMPILER_GLOBAL_ACCENT_COLOR_NAME = AccentColor;
				CODE_SIGN_STYLE = Automatic;
				DEVELOPMENT_TEAM = CZLJYG8VXG;
				INFOPLIST_FILE = HelloTriangleSwift/Info.plist;
				LD_RUNPATH_SEARCH_PATHS = (
					"$(inherited)",
					"@executable_path/Frameworks",
				);
				PRODUCT_BUNDLE_IDENTIFIER = jimmychen.HelloTriangleSwift;
				PRODUCT_NAME = "$(TARGET_NAME)";
				SWIFT_OBJC_BRIDGING_HEADER = HelloTriangleSwift/ShaderTypes.h;
				SWIFT_VERSION = 5.0;
				TARGETED_DEVICE_FAMILY = "1,2";
			};
			name = Release;
		};
/* End XCBuildConfiguration section */

/* Begin XCConfigurationList section */
		663DAB7F25C8FE6900B16143 /* Build configuration list for PBXProject "HelloTriangleSwift" */ = {
			isa = XCConfigurationList;
			buildConfigurations = (
				663DAB9625C8FE6D00B16143 /* Debug */,
				663DAB9725C8FE6D00B16143 /* Release */,
			);
			defaultConfigurationIsVisible = 0;
			defaultConfigurationName = Release;
		};
		663DAB9825C8FE6D00B16143 /* Build configuration list for PBXNativeTarget "HelloTriangleSwift" */ = {
			isa = XCConfigurationList;
			buildConfigurations = (
				663DAB9925C8FE6D00B16143 /* Debug */,
				663DAB9A25C8FE6D00B16143 /* Release */,
			);
			defaultConfigurationIsVisible = 0;
			defaultConfigurationName = Release;
		};
/* End XCConfigurationList section */
	};
	rootObject = 663DAB7C25C8FE6900B16143 /* Project object */;
}
